
Microsoft Visual Studio Solution File, Format Version 12.00
# Visual Studio Version 17
VisualStudioVersion = 17.4.33205.214
MinimumVisualStudioVersion = 10.0.40219.1
Project("{82716835-69de-432b-bf5a-d0141024ed3b}") = "stuff", "stuff\stuff.csproj", "{d76c9a5b-e636-4fe5-9b1b-d1f27ac4722e}"
EndProject
Project("{9A19103F-16F7-4668-BE54-9A1E7A4F7556}") = "PMAPI", "PMAPI\PMAPI.csproj", "{C984C145-F07A-405B-AF23-8C3BFB64CE08}"
EndProject
Global
	GlobalSection(SolutionConfigurationPlatforms) = preSolution
		Debug|Any CPU = Debug|Any CPU
		Release|Any CPU = Release|Any CPU
	EndGlobalSection
	GlobalSection(ProjectConfigurationPlatforms) = postSolution
		{d76c9a5b-e636-4fe5-9b1b-d1f27ac4722e}.Debug|Any CPU.ActiveCfg = Debug|Any CPU
		{d76c9a5b-e636-4fe5-9b1b-d1f27ac4722e}.Debug|Any CPU.Build.0 = Debug|Any CPU
		{d76c9a5b-e636-4fe5-9b1b-d1f27ac4722e}.Release|Any CPU.ActiveCfg = Release|Any CPU
		{d76c9a5b-e636-4fe5-9b1b-d1f27ac4722e}.Release|Any CPU.Build.0 = Release|Any CPU
		{C984C145-F07A-405B-AF23-8C3BFB64CE08}.Debug|Any CPU.ActiveCfg = Debug|Any CPU
		{C984C145-F07A-405B-AF23-8C3BFB64CE08}.Debug|Any CPU.Build.0 = Debug|Any CPU
		{C984C145-F07A-405B-AF23-8C3BFB64CE08}.Release|Any CPU.ActiveCfg = Release|Any CPU
		{C984C145-F07A-405B-AF23-8C3BFB64CE08}.Release|Any CPU.Build.0 = Release|Any CPU
	EndGlobalSection
	GlobalSection(SolutionProperties) = preSolution
		HideSolutionNode = FALSE
	EndGlobalSection
	GlobalSection(ExtensibilityGlobals) = postSolution
		SolutionGuid = {3F9552AC-A843-4DCA-9191-D54231273492}
	EndGlobalSection
EndGlobal
